
Microsoft Visual Studio Solution File, Format Version 12.00
# Visual Studio Version 17
VisualStudioVersion = 17.14.36414.22 d17.14
MinimumVisualStudioVersion = 10.0.40219.1
Project("{FAE04EC0-301F-11D3-BF4B-00C04F79EFBC}") = "HotelRoomService.DAL", "HotelRoomService.DAL.csproj", "{B7F637B6-BCF1-4B2B-BAFA-DF51D2D0A8C1}"
EndProject
Global
	GlobalSection(SolutionConfigurationPlatforms) = preSolution
		Debug|Any CPU = Debug|Any CPU
		Release|Any CPU = Release|Any CPU
	EndGlobalSection
	GlobalSection(ProjectConfigurationPlatforms) = postSolution
		{B7F637B6-BCF1-4B2B-BAFA-DF51D2D0A8C1}.Debug|Any CPU.ActiveCfg = Debug|Any CPU
		{B7F637B6-BCF1-4B2B-BAFA-DF51D2D0A8C1}.Debug|Any CPU.Build.0 = Debug|Any CPU
		{B7F637B6-BCF1-4B2B-BAFA-DF51D2D0A8C1}.Release|Any CPU.ActiveCfg = Release|Any CPU
		{B7F637B6-BCF1-4B2B-BAFA-DF51D2D0A8C1}.Release|Any CPU.Build.0 = Release|Any CPU
	EndGlobalSection
	GlobalSection(SolutionProperties) = preSolution
		HideSolutionNode = FALSE
	EndGlobalSection
	GlobalSection(ExtensibilityGlobals) = postSolution
		SolutionGuid = {D0D09C46-C8B7-4799-8DAA-B0609B8268B0}
	EndGlobalSection
EndGlobal
